// !$*UTF8*$!
{
	archiveVersion = 1;
	classes = {
	};
	objectVersion = 46;
	objects = {

/* Begin PBXBuildFile section */
		29DEF1DA1A9FC3D300C5763E /* AppDelegate.swift in Sources */ = {isa = PBXBuildFile; fileRef = 29DEF1D91A9FC3D300C5763E /* AppDelegate.swift */; };
		29DEF1DC1A9FC3D300C5763E /* ViewController.swift in Sources */ = {isa = PBXBuildFile; fileRef = 29DEF1DB1A9FC3D300C5763E /* ViewController.swift */; };
		29DEF1DF1A9FC3D300C5763E /* Main.storyboard in Resources */ = {isa = PBXBuildFile; fileRef = 29DEF1DD1A9FC3D300C5763E /* Main.storyboard */; };
		29DEF1E11A9FC3D300C5763E /* Images.xcassets in Resources */ = {isa = PBXBuildFile; fileRef = 29DEF1E01A9FC3D300C5763E /* Images.xcassets */; };
		29DEF1E41A9FC3D300C5763E /* LaunchScreen.xib in Resources */ = {isa = PBXBuildFile; fileRef = 29DEF1E21A9FC3D300C5763E /* LaunchScreen.xib */; };
		29DEF1F01A9FC3D300C5763E /* ShortyTests.swift in Sources */ = {isa = PBXBuildFile; fileRef = 29DEF1EF1A9FC3D300C5763E /* ShortyTests.swift */; };
/* End PBXBuildFile section */

/* Begin PBXContainerItemProxy section */
		29DEF1EA1A9FC3D300C5763E /* PBXContainerItemProxy */ = {
			isa = PBXContainerItemProxy;
			containerPortal = 29DEF1CC1A9FC3D300C5763E /* Project object */;
			proxyType = 1;
			remoteGlobalIDString = 29DEF1D31A9FC3D300C5763E;
			remoteInfo = Shorty;
		};
/* End PBXContainerItemProxy section */

/* Begin PBXFileReference section */
		29DEF1D41A9FC3D300C5763E /* Shorty.app */ = {isa = PBXFileReference; explicitFileType = wrapper.application; includeInIndex = 0; path = Shorty.app; sourceTree = BUILT_PRODUCTS_DIR; };
		29DEF1D81A9FC3D300C5763E /* Info.plist */ = {isa = PBXFileReference; lastKnownFileType = text.plist.xml; path = Info.plist; sourceTree = "<group>"; };
		29DEF1D91A9FC3D300C5763E /* AppDelegate.swift */ = {isa = PBXFileReference; lastKnownFileType = sourcecode.swift; path = AppDelegate.swift; sourceTree = "<group>"; };
		29DEF1DB1A9FC3D300C5763E /* ViewController.swift */ = {isa = PBXFileReference; lastKnownFileType = sourcecode.swift; path = ViewController.swift; sourceTree = "<group>"; };
		29DEF1DE1A9FC3D300C5763E /* Base */ = {isa = PBXFileReference; lastKnownFileType = file.storyboard; name = Base; path = Base.lproj/Main.storyboard; sourceTree = "<group>"; };
		29DEF1E01A9FC3D300C5763E /* Images.xcassets */ = {isa = PBXFileReference; lastKnownFileType = folder.assetcatalog; path = Images.xcassets; sourceTree = "<group>"; };
		29DEF1E31A9FC3D300C5763E /* Base */ = {isa = PBXFileReference; lastKnownFileType = file.xib; name = Base; path = Base.lproj/LaunchScreen.xib; sourceTree = "<group>"; };
		29DEF1E91A9FC3D300C5763E /* ShortyTests.xctest */ = {isa = PBXFileReference; explicitFileType = wrapper.cfbundle; includeInIndex = 0; path = ShortyTests.xctest; sourceTree = BUILT_PRODUCTS_DIR; };
		29DEF1EE1A9FC3D300C5763E /* Info.plist */ = {isa = PBXFileReference; lastKnownFileType = text.plist.xml; path = Info.plist; sourceTree = "<group>"; };
		29DEF1EF1A9FC3D300C5763E /* ShortyTests.swift */ = {isa = PBXFileReference; lastKnownFileType = sourcecode.swift; path = ShortyTests.swift; sourceTree = "<group>"; };
/* End PBXFileReference section */

/* Begin PBXFrameworksBuildPhase section */
		29DEF1D11A9FC3D300C5763E /* Frameworks */ = {
			isa = PBXFrameworksBuildPhase;
			buildActionMask = 2147483647;
			files = (
			);
			runOnlyForDeploymentPostprocessing = 0;
		};
		29DEF1E61A9FC3D300C5763E /* Frameworks */ = {
			isa = PBXFrameworksBuildPhase;
			buildActionMask = 2147483647;
			files = (
			);
			runOnlyForDeploymentPostprocessing = 0;
		};
/* End PBXFrameworksBuildPhase section */

/* Begin PBXGroup section */
		29DEF1CB1A9FC3D300C5763E = {
			isa = PBXGroup;
			children = (
				29DEF1D61A9FC3D300C5763E /* Shorty */,
				29DEF1EC1A9FC3D300C5763E /* ShortyTests */,
				29DEF1D51A9FC3D300C5763E /* Products */,
			);
			sourceTree = "<group>";
		};
		29DEF1D51A9FC3D300C5763E /* Products */ = {
			isa = PBXGroup;
			children = (
				29DEF1D41A9FC3D300C5763E /* Shorty.app */,
				29DEF1E91A9FC3D300C5763E /* ShortyTests.xctest */,
			);
			name = Products;
			sourceTree = "<group>";
		};
		29DEF1D61A9FC3D300C5763E /* Shorty */ = {
			isa = PBXGroup;
			children = (
				29DEF1D91A9FC3D300C5763E /* AppDelegate.swift */,
				29DEF1DB1A9FC3D300C5763E /* ViewController.swift */,
				29DEF1DD1A9FC3D300C5763E /* Main.storyboard */,
				29DEF1E01A9FC3D300C5763E /* Images.xcassets */,
				29DEF1E21A9FC3D300C5763E /* LaunchScreen.xib */,
				29DEF1D71A9FC3D300C5763E /* Supporting Files */,
			);
			path = Shorty;
			sourceTree = "<group>";
		};
		29DEF1D71A9FC3D300C5763E /* Supporting Files */ = {
			isa = PBXGroup;
			children = (
				29DEF1D81A9FC3D300C5763E /* Info.plist */,
			);
			name = "Supporting Files";
			sourceTree = "<group>";
		};
		29DEF1EC1A9FC3D300C5763E /* ShortyTests */ = {
			isa = PBXGroup;
			children = (
				29DEF1EF1A9FC3D300C5763E /* ShortyTests.swift */,
				29DEF1ED1A9FC3D300C5763E /* Supporting Files */,
			);
			path = ShortyTests;
			sourceTree = "<group>";
		};
		29DEF1ED1A9FC3D300C5763E /* Supporting Files */ = {
			isa = PBXGroup;
			children = (
				29DEF1EE1A9FC3D300C5763E /* Info.plist */,
			);
			name = "Supporting Files";
			sourceTree = "<group>";
		};
/* End PBXGroup section */

/* Begin PBXNativeTarget section */
		29DEF1D31A9FC3D300C5763E /* Shorty */ = {
			isa = PBXNativeTarget;
			buildConfigurationList = 29DEF1F31A9FC3D300C5763E /* Build configuration list for PBXNativeTarget "Shorty" */;
			buildPhases = (
				29DEF1D01A9FC3D300C5763E /* Sources */,
				29DEF1D11A9FC3D300C5763E /* Frameworks */,
				29DEF1D21A9FC3D300C5763E /* Resources */,
			);
			buildRules = (
			);
			dependencies = (
			);
			name = Shorty;
			productName = Shorty;
			productReference = 29DEF1D41A9FC3D300C5763E /* Shorty.app */;
			productType = "com.apple.product-type.application";
		};
		29DEF1E81A9FC3D300C5763E /* ShortyTests */ = {
			isa = PBXNativeTarget;
			buildConfigurationList = 29DEF1F61A9FC3D300C5763E /* Build configuration list for PBXNativeTarget "ShortyTests" */;
			buildPhases = (
				29DEF1E51A9FC3D300C5763E /* Sources */,
				29DEF1E61A9FC3D300C5763E /* Frameworks */,
				29DEF1E71A9FC3D300C5763E /* Resources */,
			);
			buildRules = (
			);
			dependencies = (
				29DEF1EB1A9FC3D300C5763E /* PBXTargetDependency */,
			);
			name = ShortyTests;
			productName = ShortyTests;
			productReference = 29DEF1E91A9FC3D300C5763E /* ShortyTests.xctest */;
			productType = "com.apple.product-type.bundle.unit-test";
		};
/* End PBXNativeTarget section */

/* Begin PBXProject section */
		29DEF1CC1A9FC3D300C5763E /* Project object */ = {
			isa = PBXProject;
			attributes = {
				LastUpgradeCheck = 0600;
				ORGANIZATIONNAME = apress;
				TargetAttributes = {
					29DEF1D31A9FC3D300C5763E = {
						CreatedOnToolsVersion = 6.0;
					};
					29DEF1E81A9FC3D300C5763E = {
						CreatedOnToolsVersion = 6.0;
						TestTargetID = 29DEF1D31A9FC3D300C5763E;
					};
				};
			};
			buildConfigurationList = 29DEF1CF1A9FC3D300C5763E /* Build configuration list for PBXProject "Shorty" */;
			compatibilityVersion = "Xcode 3.2";
			developmentRegion = English;
			hasScannedForEncodings = 0;
			knownRegions = (
				en,
				Base,
			);
			mainGroup = 29DEF1CB1A9FC3D300C5763E;
			productRefGroup = 29DEF1D51A9FC3D300C5763E /* Products */;
			projectDirPath = "";
			projectRoot = "";
			targets = (
				29DEF1D31A9FC3D300C5763E /* Shorty */,
				29DEF1E81A9FC3D300C5763E /* ShortyTests */,
			);
		};
/* End PBXProject section */

/* Begin PBXResourcesBuildPhase section */
		29DEF1D21A9FC3D300C5763E /* Resources */ = {
			isa = PBXResourcesBuildPhase;
			buildActionMask = 2147483647;
			files = (
				29DEF1DF1A9FC3D300C5763E /* Main.storyboard in Resources */,
				29DEF1E41A9FC3D300C5763E /* LaunchScreen.xib in Resources */,
				29DEF1E11A9FC3D300C5763E /* Images.xcassets in Resources */,
			);
			runOnlyForDeploymentPostprocessing = 0;
		};
		29DEF1E71A9FC3D300C5763E /* Resources */ = {
			isa = PBXResourcesBuildPhase;
			buildActionMask = 2147483647;
			files = (
			);
			runOnlyForDeploymentPostprocessing = 0;
		};
/* End PBXResourcesBuildPhase section */

/* Begin PBXSourcesBuildPhase section */
		29DEF1D01A9FC3D300C5763E /* Sources */ = {
			isa = PBXSourcesBuildPhase;
			buildActionMask = 2147483647;
			files = (
				29DEF1DC1A9FC3D300C5763E /* ViewController.swift in Sources */,
				29DEF1DA1A9FC3D300C5763E /* AppDelegate.swift in Sources */,
			);
			runOnlyForDeploymentPostprocessing = 0;
		};
		29DEF1E51A9FC3D300C5763E /* Sources */ = {
			isa = PBXSourcesBuildPhase;
			buildActionMask = 2147483647;
			files = (
				29DEF1F01A9FC3D300C5763E /* ShortyTests.swift in Sources */,
			);
			runOnlyForDeploymentPostprocessing = 0;
		};
/* End PBXSourcesBuildPhase section */

/* Begin PBXTargetDependency section */
		29DEF1EB1A9FC3D300C5763E /* PBXTargetDependency */ = {
			isa = PBXTargetDependency;
			target = 29DEF1D31A9FC3D300C5763E /* Shorty */;
			targetProxy = 29DEF1EA1A9FC3D300C5763E /* PBXContainerItemProxy */;
		};
/* End PBXTargetDependency section */

/* Begin PBXVariantGroup section */
		29DEF1DD1A9FC3D300C5763E /* Main.storyboard */ = {
			isa = PBXVariantGroup;
			children = (
				29DEF1DE1A9FC3D300C5763E /* Base */,
			);
			name = Main.storyboard;
			sourceTree = "<group>";
		};
		29DEF1E21A9FC3D300C5763E /* LaunchScreen.xib */ = {
			isa = PBXVariantGroup;
			children = (
				29DEF1E31A9FC3D300C5763E /* Base */,
			);
			name = LaunchScreen.xib;
			sourceTree = "<group>";
		};
/* End PBXVariantGroup section */

/* Begin XCBuildConfiguration section */
		29DEF1F11A9FC3D300C5763E /* Debug */ = {
			isa = XCBuildConfiguration;
			buildSettings = {
				ALWAYS_SEARCH_USER_PATHS = NO;
				CLANG_CXX_LANGUAGE_STANDARD = "gnu++0x";
				CLANG_CXX_LIBRARY = "libc++";
				CLANG_ENABLE_MODULES = YES;
				CLANG_ENABLE_OBJC_ARC = YES;
				CLANG_WARN_BOOL_CONVERSION = YES;
				CLANG_WARN_CONSTANT_CONVERSION = YES;
				CLANG_WARN_DIRECT_OBJC_ISA_USAGE = YES_ERROR;
				CLANG_WARN_EMPTY_BODY = YES;
				CLANG_WARN_ENUM_CONVERSION = YES;
				CLANG_WARN_INT_CONVERSION = YES;
				CLANG_WARN_OBJC_ROOT_CLASS = YES_ERROR;
				CLANG_WARN_UNREACHABLE_CODE = YES;
				CLANG_WARN__DUPLICATE_METHOD_MATCH = YES;
				"CODE_SIGN_IDENTITY[sdk=iphoneos*]" = "iPhone Developer";
				COPY_PHASE_STRIP = NO;
				ENABLE_STRICT_OBJC_MSGSEND = YES;
				GCC_C_LANGUAGE_STANDARD = gnu99;
				GCC_DYNAMIC_NO_PIC = NO;
				GCC_OPTIMIZATION_LEVEL = 0;
				GCC_PREPROCESSOR_DEFINITIONS = (
					"DEBUG=1",
					"$(inherited)",
				);
				GCC_SYMBOLS_PRIVATE_EXTERN = NO;
				GCC_WARN_64_TO_32_BIT_CONVERSION = YES;
				GCC_WARN_ABOUT_RETURN_TYPE = YES_ERROR;
				GCC_WARN_UNDECLARED_SELECTOR = YES;
				GCC_WARN_UNINITIALIZED_AUTOS = YES_AGGRESSIVE;
				GCC_WARN_UNUSED_FUNCTION = YES;
				GCC_WARN_UNUSED_VARIABLE = YES;
				IPHONEOS_DEPLOYMENT_TARGET = 8.0;
				MTL_ENABLE_DEBUG_INFO = YES;
				ONLY_ACTIVE_ARCH = YES;
				SDKROOT = iphoneos;
				SWIFT_OPTIMIZATION_LEVEL = "-Onone";
				TARGETED_DEVICE_FAMILY = "1,2";
			};
			name = Debug;
		};
		29DEF1F21A9FC3D300C5763E /* Release */ = {
			isa = XCBuildConfiguration;
			buildSettings = {
				ALWAYS_SEARCH_USER_PATHS = NO;
				CLANG_CXX_LANGUAGE_STANDARD = "gnu++0x";
				CLANG_CXX_LIBRARY = "libc++";
				CLANG_ENABLE_MODULES = YES;
				CLANG_ENABLE_OBJC_ARC = YES;
				CLANG_WARN_BOOL_CONVERSION = YES;
				CLANG_WARN_CONSTANT_CONVERSION = YES;
				CLANG_WARN_DIRECT_OBJC_ISA_USAGE = YES_ERROR;
				CLANG_WARN_EMPTY_BODY = YES;
				CLANG_WARN_ENUM_CONVERSION = YES;
				CLANG_WARN_INT_CONVERSION = YES;
				CLANG_WARN_OBJC_ROOT_CLASS = YES_ERROR;
				CLANG_WARN_UNREACHABLE_CODE = YES;
				CLANG_WARN__DUPLICATE_METHOD_MATCH = YES;
				"CODE_SIGN_IDENTITY[sdk=iphoneos*]" = "iPhone Developer";
				COPY_PHASE_STRIP = YES;
				ENABLE_NS_ASSERTIONS = NO;
				ENABLE_STRICT_OBJC_MSGSEND = YES;
				GCC_C_LANGUAGE_STANDARD = gnu99;
				GCC_WARN_64_TO_32_BIT_CONVERSION = YES;
				GCC_WARN_ABOUT_RETURN_TYPE = YES_ERROR;
				GCC_WARN_UNDECLARED_SELECTOR = YES;
				GCC_WARN_UNINITIALIZED_AUTOS = YES_AGGRESSIVE;
				GCC_WARN_UNUSED_FUNCTION = YES;
				GCC_WARN_UNUSED_VARIABLE = YES;
				IPHONEOS_DEPLOYMENT_TARGET = 8.0;
				MTL_ENABLE_DEBUG_INFO = NO;
				SDKROOT = iphoneos;
				TARGETED_DEVICE_FAMILY = "1,2";
				VALIDATE_PRODUCT = YES;
			};
			name = Release;
		};
		29DEF1F41A9FC3D300C5763E /* Debug */ = {
			isa = XCBuildConfiguration;
			buildSettings = {
				ASSETCATALOG_COMPILER_APPICON_NAME = AppIcon;
				INFOPLIST_FILE = Shorty/Info.plist;
				LD_RUNPATH_SEARCH_PATHS = "$(inherited) @executable_path/Frameworks";
				PRODUCT_NAME = "$(TARGET_NAME)";
			};
			name = Debug;
		};
		29DEF1F51A9FC3D300C5763E /* Release */ = {
			isa = XCBuildConfiguration;
			buildSettings = {
				ASSETCATALOG_COMPILER_APPICON_NAME = AppIcon;
				INFOPLIST_FILE = Shorty/Info.plist;
				LD_RUNPATH_SEARCH_PATHS = "$(inherited) @executable_path/Frameworks";
				PRODUCT_NAME = "$(TARGET_NAME)";
			};
			name = Release;
		};
		29DEF1F71A9FC3D300C5763E /* Debug */ = {
			isa = XCBuildConfiguration;
			buildSettings = {
				BUNDLE_LOADER = "$(TEST_HOST)";
				FRAMEWORK_SEARCH_PATHS = (
					"$(SDKROOT)/Developer/Library/Frameworks",
					"$(inherited)",
				);
				GCC_PREPROCESSOR_DEFINITIONS = (
					"DEBUG=1",
					"$(inherited)",
				);
				INFOPLIST_FILE = ShortyTests/Info.plist;
				LD_RUNPATH_SEARCH_PATHS = "$(inherited) @executable_path/Frameworks @loader_path/Frameworks";
				PRODUCT_NAME = "$(TARGET_NAME)";
				TEST_HOST = "$(BUILT_PRODUCTS_DIR)/Shorty.app/Shorty";
			};
			name = Debug;
		};
		29DEF1F81A9FC3D300C5763E /* Release */ = {
			isa = XCBuildConfiguration;
			buildSettings = {
				BUNDLE_LOADER = "$(TEST_HOST)";
				FRAMEWORK_SEARCH_PATHS = (
					"$(SDKROOT)/Developer/Library/Frameworks",
					"$(inherited)",
				);
				INFOPLIST_FILE = ShortyTests/Info.plist;
				LD_RUNPATH_SEARCH_PATHS = "$(inherited) @executable_path/Frameworks @loader_path/Frameworks";
				PRODUCT_NAME = "$(TARGET_NAME)";
				TEST_HOST = "$(BUILT_PRODUCTS_DIR)/Shorty.app/Shorty";
			};
			name = Release;
		};
/* End XCBuildConfiguration section */

/* Begin XCConfigurationList section */
		29DEF1CF1A9FC3D300C5763E /* Build configuration list for PBXProject "Shorty" */ = {
			isa = XCConfigurationList;
			buildConfigurations = (
				29DEF1F11A9FC3D300C5763E /* Debug */,
				29DEF1F21A9FC3D300C5763E /* Release */,
			);
			defaultConfigurationIsVisible = 0;
			defaultConfigurationName = Release;
		};
		29DEF1F31A9FC3D300C5763E /* Build configuration list for PBXNativeTarget "Shorty" */ = {
			isa = XCConfigurationList;
			buildConfigurations = (
				29DEF1F41A9FC3D300C5763E /* Debug */,
				29DEF1F51A9FC3D300C5763E /* Release */,
			);
			defaultConfigurationIsVisible = 0;
		};
		29DEF1F61A9FC3D300C5763E /* Build configuration list for PBXNativeTarget "ShortyTests" */ = {
			isa = XCConfigurationList;
			buildConfigurations = (
				29DEF1F71A9FC3D300C5763E /* Debug */,
				29DEF1F81A9FC3D300C5763E /* Release */,
			);
			defaultConfigurationIsVisible = 0;
		};
/* End XCConfigurationList section */
	};
	rootObject = 29DEF1CC1A9FC3D300C5763E /* Project object */;
}
