// !$*UTF8*$!
{
	archiveVersion = 1;
	classes = {
	};
	objectVersion = 46;
	objects = {

/* Begin PBXBuildFile section */
		29CFF80A1A5E3C740010237B /* main.m in Sources */ = {isa = PBXBuildFile; fileRef = 29CFF8091A5E3C740010237B /* main.m */; };
		29CFF80D1A5E3C740010237B /* AppDelegate.m in Sources */ = {isa = PBXBuildFile; fileRef = 29CFF80C1A5E3C740010237B /* AppDelegate.m */; };
		29CFF8101A5E3C740010237B /* MasterViewController.m in Sources */ = {isa = PBXBuildFile; fileRef = 29CFF80F1A5E3C740010237B /* MasterViewController.m */; };
		29CFF8131A5E3C740010237B /* DetailViewController.m in Sources */ = {isa = PBXBuildFile; fileRef = 29CFF8121A5E3C740010237B /* DetailViewController.m */; };
		29CFF8161A5E3C750010237B /* Main.storyboard in Resources */ = {isa = PBXBuildFile; fileRef = 29CFF8141A5E3C750010237B /* Main.storyboard */; };
		29CFF8181A5E3C750010237B /* Images.xcassets in Resources */ = {isa = PBXBuildFile; fileRef = 29CFF8171A5E3C750010237B /* Images.xcassets */; };
		29CFF81B1A5E3C750010237B /* LaunchScreen.xib in Resources */ = {isa = PBXBuildFile; fileRef = 29CFF8191A5E3C750010237B /* LaunchScreen.xib */; };
		29CFF8271A5E3C750010237B /* CodeCampTests.m in Sources */ = {isa = PBXBuildFile; fileRef = 29CFF8261A5E3C750010237B /* CodeCampTests.m */; };
/* End PBXBuildFile section */

/* Begin PBXContainerItemProxy section */
		29CFF8211A5E3C750010237B /* PBXContainerItemProxy */ = {
			isa = PBXContainerItemProxy;
			containerPortal = 29CFF7FC1A5E3C740010237B /* Project object */;
			proxyType = 1;
			remoteGlobalIDString = 29CFF8031A5E3C740010237B;
			remoteInfo = CodeCamp;
		};
/* End PBXContainerItemProxy section */

/* Begin PBXFileReference section */
		29CFF8041A5E3C740010237B /* CodeCamp.app */ = {isa = PBXFileReference; explicitFileType = wrapper.application; includeInIndex = 0; path = CodeCamp.app; sourceTree = BUILT_PRODUCTS_DIR; };
		29CFF8081A5E3C740010237B /* Info.plist */ = {isa = PBXFileReference; lastKnownFileType = text.plist.xml; path = Info.plist; sourceTree = "<group>"; };
		29CFF8091A5E3C740010237B /* main.m */ = {isa = PBXFileReference; lastKnownFileType = sourcecode.c.objc; path = main.m; sourceTree = "<group>"; };
		29CFF80B1A5E3C740010237B /* AppDelegate.h */ = {isa = PBXFileReference; lastKnownFileType = sourcecode.c.h; path = AppDelegate.h; sourceTree = "<group>"; };
		29CFF80C1A5E3C740010237B /* AppDelegate.m */ = {isa = PBXFileReference; lastKnownFileType = sourcecode.c.objc; path = AppDelegate.m; sourceTree = "<group>"; };
		29CFF80E1A5E3C740010237B /* MasterViewController.h */ = {isa = PBXFileReference; lastKnownFileType = sourcecode.c.h; path = MasterViewController.h; sourceTree = "<group>"; };
		29CFF80F1A5E3C740010237B /* MasterViewController.m */ = {isa = PBXFileReference; lastKnownFileType = sourcecode.c.objc; path = MasterViewController.m; sourceTree = "<group>"; };
		29CFF8111A5E3C740010237B /* DetailViewController.h */ = {isa = PBXFileReference; lastKnownFileType = sourcecode.c.h; path = DetailViewController.h; sourceTree = "<group>"; };
		29CFF8121A5E3C740010237B /* DetailViewController.m */ = {isa = PBXFileReference; lastKnownFileType = sourcecode.c.objc; path = DetailViewController.m; sourceTree = "<group>"; };
		29CFF8151A5E3C750010237B /* Base */ = {isa = PBXFileReference; lastKnownFileType = file.storyboard; name = Base; path = Base.lproj/Main.storyboard; sourceTree = "<group>"; };
		29CFF8171A5E3C750010237B /* Images.xcassets */ = {isa = PBXFileReference; lastKnownFileType = folder.assetcatalog; path = Images.xcassets; sourceTree = "<group>"; };
		29CFF81A1A5E3C750010237B /* Base */ = {isa = PBXFileReference; lastKnownFileType = file.xib; name = Base; path = Base.lproj/LaunchScreen.xib; sourceTree = "<group>"; };
		29CFF8201A5E3C750010237B /* CodeCampTests.xctest */ = {isa = PBXFileReference; explicitFileType = wrapper.cfbundle; includeInIndex = 0; path = CodeCampTests.xctest; sourceTree = BUILT_PRODUCTS_DIR; };
		29CFF8251A5E3C750010237B /* Info.plist */ = {isa = PBXFileReference; lastKnownFileType = text.plist.xml; path = Info.plist; sourceTree = "<group>"; };
		29CFF8261A5E3C750010237B /* CodeCampTests.m */ = {isa = PBXFileReference; lastKnownFileType = sourcecode.c.objc; path = CodeCampTests.m; sourceTree = "<group>"; };
/* End PBXFileReference section */

/* Begin PBXFrameworksBuildPhase section */
		29CFF8011A5E3C740010237B /* Frameworks */ = {
			isa = PBXFrameworksBuildPhase;
			buildActionMask = 2147483647;
			files = (
			);
			runOnlyForDeploymentPostprocessing = 0;
		};
		29CFF81D1A5E3C750010237B /* Frameworks */ = {
			isa = PBXFrameworksBuildPhase;
			buildActionMask = 2147483647;
			files = (
			);
			runOnlyForDeploymentPostprocessing = 0;
		};
/* End PBXFrameworksBuildPhase section */

/* Begin PBXGroup section */
		29CFF7FB1A5E3C740010237B = {
			isa = PBXGroup;
			children = (
				29CFF8061A5E3C740010237B /* CodeCamp */,
				29CFF8231A5E3C750010237B /* CodeCampTests */,
				29CFF8051A5E3C740010237B /* Products */,
			);
			sourceTree = "<group>";
		};
		29CFF8051A5E3C740010237B /* Products */ = {
			isa = PBXGroup;
			children = (
				29CFF8041A5E3C740010237B /* CodeCamp.app */,
				29CFF8201A5E3C750010237B /* CodeCampTests.xctest */,
			);
			name = Products;
			sourceTree = "<group>";
		};
		29CFF8061A5E3C740010237B /* CodeCamp */ = {
			isa = PBXGroup;
			children = (
				29CFF80B1A5E3C740010237B /* AppDelegate.h */,
				29CFF80C1A5E3C740010237B /* AppDelegate.m */,
				29CFF80E1A5E3C740010237B /* MasterViewController.h */,
				29CFF80F1A5E3C740010237B /* MasterViewController.m */,
				29CFF8111A5E3C740010237B /* DetailViewController.h */,
				29CFF8121A5E3C740010237B /* DetailViewController.m */,
				29CFF8141A5E3C750010237B /* Main.storyboard */,
				29CFF8171A5E3C750010237B /* Images.xcassets */,
				29CFF8191A5E3C750010237B /* LaunchScreen.xib */,
				29CFF8071A5E3C740010237B /* Supporting Files */,
			);
			path = CodeCamp;
			sourceTree = "<group>";
		};
		29CFF8071A5E3C740010237B /* Supporting Files */ = {
			isa = PBXGroup;
			children = (
				29CFF8081A5E3C740010237B /* Info.plist */,
				29CFF8091A5E3C740010237B /* main.m */,
			);
			name = "Supporting Files";
			sourceTree = "<group>";
		};
		29CFF8231A5E3C750010237B /* CodeCampTests */ = {
			isa = PBXGroup;
			children = (
				29CFF8261A5E3C750010237B /* CodeCampTests.m */,
				29CFF8241A5E3C750010237B /* Supporting Files */,
			);
			path = CodeCampTests;
			sourceTree = "<group>";
		};
		29CFF8241A5E3C750010237B /* Supporting Files */ = {
			isa = PBXGroup;
			children = (
				29CFF8251A5E3C750010237B /* Info.plist */,
			);
			name = "Supporting Files";
			sourceTree = "<group>";
		};
/* End PBXGroup section */

/* Begin PBXNativeTarget section */
		29CFF8031A5E3C740010237B /* CodeCamp */ = {
			isa = PBXNativeTarget;
			buildConfigurationList = 29CFF82A1A5E3C750010237B /* Build configuration list for PBXNativeTarget "CodeCamp" */;
			buildPhases = (
				29CFF8001A5E3C740010237B /* Sources */,
				29CFF8011A5E3C740010237B /* Frameworks */,
				29CFF8021A5E3C740010237B /* Resources */,
			);
			buildRules = (
			);
			dependencies = (
			);
			name = CodeCamp;
			productName = CodeCamp;
			productReference = 29CFF8041A5E3C740010237B /* CodeCamp.app */;
			productType = "com.apple.product-type.application";
		};
		29CFF81F1A5E3C750010237B /* CodeCampTests */ = {
			isa = PBXNativeTarget;
			buildConfigurationList = 29CFF82D1A5E3C750010237B /* Build configuration list for PBXNativeTarget "CodeCampTests" */;
			buildPhases = (
				29CFF81C1A5E3C750010237B /* Sources */,
				29CFF81D1A5E3C750010237B /* Frameworks */,
				29CFF81E1A5E3C750010237B /* Resources */,
			);
			buildRules = (
			);
			dependencies = (
				29CFF8221A5E3C750010237B /* PBXTargetDependency */,
			);
			name = CodeCampTests;
			productName = CodeCampTests;
			productReference = 29CFF8201A5E3C750010237B /* CodeCampTests.xctest */;
			productType = "com.apple.product-type.bundle.unit-test";
		};
/* End PBXNativeTarget section */

/* Begin PBXProject section */
		29CFF7FC1A5E3C740010237B /* Project object */ = {
			isa = PBXProject;
			attributes = {
				LastUpgradeCheck = 0600;
				ORGANIZATIONNAME = "Square College Code Camp";
				TargetAttributes = {
					29CFF8031A5E3C740010237B = {
						CreatedOnToolsVersion = 6.0;
					};
					29CFF81F1A5E3C750010237B = {
						CreatedOnToolsVersion = 6.0;
						TestTargetID = 29CFF8031A5E3C740010237B;
					};
				};
			};
			buildConfigurationList = 29CFF7FF1A5E3C740010237B /* Build configuration list for PBXProject "CodeCamp" */;
			compatibilityVersion = "Xcode 3.2";
			developmentRegion = English;
			hasScannedForEncodings = 0;
			knownRegions = (
				en,
				Base,
			);
			mainGroup = 29CFF7FB1A5E3C740010237B;
			productRefGroup = 29CFF8051A5E3C740010237B /* Products */;
			projectDirPath = "";
			projectRoot = "";
			targets = (
				29CFF8031A5E3C740010237B /* CodeCamp */,
				29CFF81F1A5E3C750010237B /* CodeCampTests */,
			);
		};
/* End PBXProject section */

/* Begin PBXResourcesBuildPhase section */
		29CFF8021A5E3C740010237B /* Resources */ = {
			isa = PBXResourcesBuildPhase;
			buildActionMask = 2147483647;
			files = (
				29CFF8161A5E3C750010237B /* Main.storyboard in Resources */,
				29CFF81B1A5E3C750010237B /* LaunchScreen.xib in Resources */,
				29CFF8181A5E3C750010237B /* Images.xcassets in Resources */,
			);
			runOnlyForDeploymentPostprocessing = 0;
		};
		29CFF81E1A5E3C750010237B /* Resources */ = {
			isa = PBXResourcesBuildPhase;
			buildActionMask = 2147483647;
			files = (
			);
			runOnlyForDeploymentPostprocessing = 0;
		};
/* End PBXResourcesBuildPhase section */

/* Begin PBXSourcesBuildPhase section */
		29CFF8001A5E3C740010237B /* Sources */ = {
			isa = PBXSourcesBuildPhase;
			buildActionMask = 2147483647;
			files = (
				29CFF80D1A5E3C740010237B /* AppDelegate.m in Sources */,
				29CFF8101A5E3C740010237B /* MasterViewController.m in Sources */,
				29CFF80A1A5E3C740010237B /* main.m in Sources */,
				29CFF8131A5E3C740010237B /* DetailViewController.m in Sources */,
			);
			runOnlyForDeploymentPostprocessing = 0;
		};
		29CFF81C1A5E3C750010237B /* Sources */ = {
			isa = PBXSourcesBuildPhase;
			buildActionMask = 2147483647;
			files = (
				29CFF8271A5E3C750010237B /* CodeCampTests.m in Sources */,
			);
			runOnlyForDeploymentPostprocessing = 0;
		};
/* End PBXSourcesBuildPhase section */

/* Begin PBXTargetDependency section */
		29CFF8221A5E3C750010237B /* PBXTargetDependency */ = {
			isa = PBXTargetDependency;
			target = 29CFF8031A5E3C740010237B /* CodeCamp */;
			targetProxy = 29CFF8211A5E3C750010237B /* PBXContainerItemProxy */;
		};
/* End PBXTargetDependency section */

/* Begin PBXVariantGroup section */
		29CFF8141A5E3C750010237B /* Main.storyboard */ = {
			isa = PBXVariantGroup;
			children = (
				29CFF8151A5E3C750010237B /* Base */,
			);
			name = Main.storyboard;
			sourceTree = "<group>";
		};
		29CFF8191A5E3C750010237B /* LaunchScreen.xib */ = {
			isa = PBXVariantGroup;
			children = (
				29CFF81A1A5E3C750010237B /* Base */,
			);
			name = LaunchScreen.xib;
			sourceTree = "<group>";
		};
/* End PBXVariantGroup section */

/* Begin XCBuildConfiguration section */
		29CFF8281A5E3C750010237B /* Debug */ = {
			isa = XCBuildConfiguration;
			buildSettings = {
				ALWAYS_SEARCH_USER_PATHS = NO;
				CLANG_CXX_LANGUAGE_STANDARD = "gnu++0x";
				CLANG_CXX_LIBRARY = "libc++";
				CLANG_ENABLE_MODULES = YES;
				CLANG_ENABLE_OBJC_ARC = YES;
				CLANG_WARN_BOOL_CONVERSION = YES;
				CLANG_WARN_CONSTANT_CONVERSION = YES;
				CLANG_WARN_DIRECT_OBJC_ISA_USAGE = YES_ERROR;
				CLANG_WARN_EMPTY_BODY = YES;
				CLANG_WARN_ENUM_CONVERSION = YES;
				CLANG_WARN_INT_CONVERSION = YES;
				CLANG_WARN_OBJC_ROOT_CLASS = YES_ERROR;
				CLANG_WARN_UNREACHABLE_CODE = YES;
				CLANG_WARN__DUPLICATE_METHOD_MATCH = YES;
				"CODE_SIGN_IDENTITY[sdk=iphoneos*]" = "iPhone Developer";
				COPY_PHASE_STRIP = NO;
				ENABLE_STRICT_OBJC_MSGSEND = YES;
				GCC_C_LANGUAGE_STANDARD = gnu99;
				GCC_DYNAMIC_NO_PIC = NO;
				GCC_OPTIMIZATION_LEVEL = 0;
				GCC_PREPROCESSOR_DEFINITIONS = (
					"DEBUG=1",
					"$(inherited)",
				);
				GCC_SYMBOLS_PRIVATE_EXTERN = NO;
				GCC_WARN_64_TO_32_BIT_CONVERSION = YES;
				GCC_WARN_ABOUT_RETURN_TYPE = YES_ERROR;
				GCC_WARN_UNDECLARED_SELECTOR = YES;
				GCC_WARN_UNINITIALIZED_AUTOS = YES_AGGRESSIVE;
				GCC_WARN_UNUSED_FUNCTION = YES;
				GCC_WARN_UNUSED_VARIABLE = YES;
				IPHONEOS_DEPLOYMENT_TARGET = 8.0;
				MTL_ENABLE_DEBUG_INFO = YES;
				ONLY_ACTIVE_ARCH = YES;
				SDKROOT = iphoneos;
			};
			name = Debug;
		};
		29CFF8291A5E3C750010237B /* Release */ = {
			isa = XCBuildConfiguration;
			buildSettings = {
				ALWAYS_SEARCH_USER_PATHS = NO;
				CLANG_CXX_LANGUAGE_STANDARD = "gnu++0x";
				CLANG_CXX_LIBRARY = "libc++";
				CLANG_ENABLE_MODULES = YES;
				CLANG_ENABLE_OBJC_ARC = YES;
				CLANG_WARN_BOOL_CONVERSION = YES;
				CLANG_WARN_CONSTANT_CONVERSION = YES;
				CLANG_WARN_DIRECT_OBJC_ISA_USAGE = YES_ERROR;
				CLANG_WARN_EMPTY_BODY = YES;
				CLANG_WARN_ENUM_CONVERSION = YES;
				CLANG_WARN_INT_CONVERSION = YES;
				CLANG_WARN_OBJC_ROOT_CLASS = YES_ERROR;
				CLANG_WARN_UNREACHABLE_CODE = YES;
				CLANG_WARN__DUPLICATE_METHOD_MATCH = YES;
				"CODE_SIGN_IDENTITY[sdk=iphoneos*]" = "iPhone Developer";
				COPY_PHASE_STRIP = YES;
				ENABLE_NS_ASSERTIONS = NO;
				ENABLE_STRICT_OBJC_MSGSEND = YES;
				GCC_C_LANGUAGE_STANDARD = gnu99;
				GCC_WARN_64_TO_32_BIT_CONVERSION = YES;
				GCC_WARN_ABOUT_RETURN_TYPE = YES_ERROR;
				GCC_WARN_UNDECLARED_SELECTOR = YES;
				GCC_WARN_UNINITIALIZED_AUTOS = YES_AGGRESSIVE;
				GCC_WARN_UNUSED_FUNCTION = YES;
				GCC_WARN_UNUSED_VARIABLE = YES;
				IPHONEOS_DEPLOYMENT_TARGET = 8.0;
				MTL_ENABLE_DEBUG_INFO = NO;
				SDKROOT = iphoneos;
				VALIDATE_PRODUCT = YES;
			};
			name = Release;
		};
		29CFF82B1A5E3C750010237B /* Debug */ = {
			isa = XCBuildConfiguration;
			buildSettings = {
				ASSETCATALOG_COMPILER_APPICON_NAME = AppIcon;
				INFOPLIST_FILE = CodeCamp/Info.plist;
				LD_RUNPATH_SEARCH_PATHS = "$(inherited) @executable_path/Frameworks";
				PRODUCT_NAME = "$(TARGET_NAME)";
			};
			name = Debug;
		};
		29CFF82C1A5E3C750010237B /* Release */ = {
			isa = XCBuildConfiguration;
			buildSettings = {
				ASSETCATALOG_COMPILER_APPICON_NAME = AppIcon;
				INFOPLIST_FILE = CodeCamp/Info.plist;
				LD_RUNPATH_SEARCH_PATHS = "$(inherited) @executable_path/Frameworks";
				PRODUCT_NAME = "$(TARGET_NAME)";
			};
			name = Release;
		};
		29CFF82E1A5E3C750010237B /* Debug */ = {
			isa = XCBuildConfiguration;
			buildSettings = {
				BUNDLE_LOADER = "$(TEST_HOST)";
				FRAMEWORK_SEARCH_PATHS = (
					"$(SDKROOT)/Developer/Library/Frameworks",
					"$(inherited)",
				);
				GCC_PREPROCESSOR_DEFINITIONS = (
					"DEBUG=1",
					"$(inherited)",
				);
				INFOPLIST_FILE = CodeCampTests/Info.plist;
				LD_RUNPATH_SEARCH_PATHS = "$(inherited) @executable_path/Frameworks @loader_path/Frameworks";
				PRODUCT_NAME = "$(TARGET_NAME)";
				TEST_HOST = "$(BUILT_PRODUCTS_DIR)/CodeCamp.app/CodeCamp";
			};
			name = Debug;
		};
		29CFF82F1A5E3C750010237B /* Release */ = {
			isa = XCBuildConfiguration;
			buildSettings = {
				BUNDLE_LOADER = "$(TEST_HOST)";
				FRAMEWORK_SEARCH_PATHS = (
					"$(SDKROOT)/Developer/Library/Frameworks",
					"$(inherited)",
				);
				INFOPLIST_FILE = CodeCampTests/Info.plist;
				LD_RUNPATH_SEARCH_PATHS = "$(inherited) @executable_path/Frameworks @loader_path/Frameworks";
				PRODUCT_NAME = "$(TARGET_NAME)";
				TEST_HOST = "$(BUILT_PRODUCTS_DIR)/CodeCamp.app/CodeCamp";
			};
			name = Release;
		};
/* End XCBuildConfiguration section */

/* Begin XCConfigurationList section */
		29CFF7FF1A5E3C740010237B /* Build configuration list for PBXProject "CodeCamp" */ = {
			isa = XCConfigurationList;
			buildConfigurations = (
				29CFF8281A5E3C750010237B /* Debug */,
				29CFF8291A5E3C750010237B /* Release */,
			);
			defaultConfigurationIsVisible = 0;
			defaultConfigurationName = Release;
		};
		29CFF82A1A5E3C750010237B /* Build configuration list for PBXNativeTarget "CodeCamp" */ = {
			isa = XCConfigurationList;
			buildConfigurations = (
				29CFF82B1A5E3C750010237B /* Debug */,
				29CFF82C1A5E3C750010237B /* Release */,
			);
			defaultConfigurationIsVisible = 0;
		};
		29CFF82D1A5E3C750010237B /* Build configuration list for PBXNativeTarget "CodeCampTests" */ = {
			isa = XCConfigurationList;
			buildConfigurations = (
				29CFF82E1A5E3C750010237B /* Debug */,
				29CFF82F1A5E3C750010237B /* Release */,
			);
			defaultConfigurationIsVisible = 0;
		};
/* End XCConfigurationList section */
	};
	rootObject = 29CFF7FC1A5E3C740010237B /* Project object */;
}
