// !$*UTF8*$!
{
	archiveVersion = 1;
	classes = {
	};
	objectVersion = 46;
	objects = {

/* Begin PBXBuildFile section */
		29CFF83F1A5E44A50010237B /* AppDelegate.swift in Sources */ = {isa = PBXBuildFile; fileRef = 29CFF83E1A5E44A50010237B /* AppDelegate.swift */; };
		29CFF8411A5E44A50010237B /* ViewController.swift in Sources */ = {isa = PBXBuildFile; fileRef = 29CFF8401A5E44A50010237B /* ViewController.swift */; };
		29CFF8441A5E44A50010237B /* Main.storyboard in Resources */ = {isa = PBXBuildFile; fileRef = 29CFF8421A5E44A50010237B /* Main.storyboard */; };
		29CFF8461A5E44A60010237B /* Images.xcassets in Resources */ = {isa = PBXBuildFile; fileRef = 29CFF8451A5E44A60010237B /* Images.xcassets */; };
		29CFF8491A5E44A60010237B /* LaunchScreen.xib in Resources */ = {isa = PBXBuildFile; fileRef = 29CFF8471A5E44A60010237B /* LaunchScreen.xib */; };
		29CFF8551A5E44A60010237B /* CodeCampTests.swift in Sources */ = {isa = PBXBuildFile; fileRef = 29CFF8541A5E44A60010237B /* CodeCampTests.swift */; };
/* End PBXBuildFile section */

/* Begin PBXContainerItemProxy section */
		29CFF84F1A5E44A60010237B /* PBXContainerItemProxy */ = {
			isa = PBXContainerItemProxy;
			containerPortal = 29CFF8311A5E44A50010237B /* Project object */;
			proxyType = 1;
			remoteGlobalIDString = 29CFF8381A5E44A50010237B;
			remoteInfo = CodeCamp;
		};
/* End PBXContainerItemProxy section */

/* Begin PBXFileReference section */
		29CFF8391A5E44A50010237B /* CodeCamp.app */ = {isa = PBXFileReference; explicitFileType = wrapper.application; includeInIndex = 0; path = CodeCamp.app; sourceTree = BUILT_PRODUCTS_DIR; };
		29CFF83D1A5E44A50010237B /* Info.plist */ = {isa = PBXFileReference; lastKnownFileType = text.plist.xml; path = Info.plist; sourceTree = "<group>"; };
		29CFF83E1A5E44A50010237B /* AppDelegate.swift */ = {isa = PBXFileReference; lastKnownFileType = sourcecode.swift; path = AppDelegate.swift; sourceTree = "<group>"; };
		29CFF8401A5E44A50010237B /* ViewController.swift */ = {isa = PBXFileReference; lastKnownFileType = sourcecode.swift; path = ViewController.swift; sourceTree = "<group>"; };
		29CFF8431A5E44A50010237B /* Base */ = {isa = PBXFileReference; lastKnownFileType = file.storyboard; name = Base; path = Base.lproj/Main.storyboard; sourceTree = "<group>"; };
		29CFF8451A5E44A60010237B /* Images.xcassets */ = {isa = PBXFileReference; lastKnownFileType = folder.assetcatalog; path = Images.xcassets; sourceTree = "<group>"; };
		29CFF8481A5E44A60010237B /* Base */ = {isa = PBXFileReference; lastKnownFileType = file.xib; name = Base; path = Base.lproj/LaunchScreen.xib; sourceTree = "<group>"; };
		29CFF84E1A5E44A60010237B /* CodeCampTests.xctest */ = {isa = PBXFileReference; explicitFileType = wrapper.cfbundle; includeInIndex = 0; path = CodeCampTests.xctest; sourceTree = BUILT_PRODUCTS_DIR; };
		29CFF8531A5E44A60010237B /* Info.plist */ = {isa = PBXFileReference; lastKnownFileType = text.plist.xml; path = Info.plist; sourceTree = "<group>"; };
		29CFF8541A5E44A60010237B /* CodeCampTests.swift */ = {isa = PBXFileReference; lastKnownFileType = sourcecode.swift; path = CodeCampTests.swift; sourceTree = "<group>"; };
/* End PBXFileReference section */

/* Begin PBXFrameworksBuildPhase section */
		29CFF8361A5E44A50010237B /* Frameworks */ = {
			isa = PBXFrameworksBuildPhase;
			buildActionMask = 2147483647;
			files = (
			);
			runOnlyForDeploymentPostprocessing = 0;
		};
		29CFF84B1A5E44A60010237B /* Frameworks */ = {
			isa = PBXFrameworksBuildPhase;
			buildActionMask = 2147483647;
			files = (
			);
			runOnlyForDeploymentPostprocessing = 0;
		};
/* End PBXFrameworksBuildPhase section */

/* Begin PBXGroup section */
		29CFF8301A5E44A50010237B = {
			isa = PBXGroup;
			children = (
				29CFF83B1A5E44A50010237B /* CodeCamp */,
				29CFF8511A5E44A60010237B /* CodeCampTests */,
				29CFF83A1A5E44A50010237B /* Products */,
			);
			sourceTree = "<group>";
		};
		29CFF83A1A5E44A50010237B /* Products */ = {
			isa = PBXGroup;
			children = (
				29CFF8391A5E44A50010237B /* CodeCamp.app */,
				29CFF84E1A5E44A60010237B /* CodeCampTests.xctest */,
			);
			name = Products;
			sourceTree = "<group>";
		};
		29CFF83B1A5E44A50010237B /* CodeCamp */ = {
			isa = PBXGroup;
			children = (
				29CFF83E1A5E44A50010237B /* AppDelegate.swift */,
				29CFF8401A5E44A50010237B /* ViewController.swift */,
				29CFF8421A5E44A50010237B /* Main.storyboard */,
				29CFF8451A5E44A60010237B /* Images.xcassets */,
				29CFF8471A5E44A60010237B /* LaunchScreen.xib */,
				29CFF83C1A5E44A50010237B /* Supporting Files */,
			);
			path = CodeCamp;
			sourceTree = "<group>";
		};
		29CFF83C1A5E44A50010237B /* Supporting Files */ = {
			isa = PBXGroup;
			children = (
				29CFF83D1A5E44A50010237B /* Info.plist */,
			);
			name = "Supporting Files";
			sourceTree = "<group>";
		};
		29CFF8511A5E44A60010237B /* CodeCampTests */ = {
			isa = PBXGroup;
			children = (
				29CFF8541A5E44A60010237B /* CodeCampTests.swift */,
				29CFF8521A5E44A60010237B /* Supporting Files */,
			);
			path = CodeCampTests;
			sourceTree = "<group>";
		};
		29CFF8521A5E44A60010237B /* Supporting Files */ = {
			isa = PBXGroup;
			children = (
				29CFF8531A5E44A60010237B /* Info.plist */,
			);
			name = "Supporting Files";
			sourceTree = "<group>";
		};
/* End PBXGroup section */

/* Begin PBXNativeTarget section */
		29CFF8381A5E44A50010237B /* CodeCamp */ = {
			isa = PBXNativeTarget;
			buildConfigurationList = 29CFF8581A5E44A60010237B /* Build configuration list for PBXNativeTarget "CodeCamp" */;
			buildPhases = (
				29CFF8351A5E44A50010237B /* Sources */,
				29CFF8361A5E44A50010237B /* Frameworks */,
				29CFF8371A5E44A50010237B /* Resources */,
			);
			buildRules = (
			);
			dependencies = (
			);
			name = CodeCamp;
			productName = CodeCamp;
			productReference = 29CFF8391A5E44A50010237B /* CodeCamp.app */;
			productType = "com.apple.product-type.application";
		};
		29CFF84D1A5E44A60010237B /* CodeCampTests */ = {
			isa = PBXNativeTarget;
			buildConfigurationList = 29CFF85B1A5E44A60010237B /* Build configuration list for PBXNativeTarget "CodeCampTests" */;
			buildPhases = (
				29CFF84A1A5E44A60010237B /* Sources */,
				29CFF84B1A5E44A60010237B /* Frameworks */,
				29CFF84C1A5E44A60010237B /* Resources */,
			);
			buildRules = (
			);
			dependencies = (
				29CFF8501A5E44A60010237B /* PBXTargetDependency */,
			);
			name = CodeCampTests;
			productName = CodeCampTests;
			productReference = 29CFF84E1A5E44A60010237B /* CodeCampTests.xctest */;
			productType = "com.apple.product-type.bundle.unit-test";
		};
/* End PBXNativeTarget section */

/* Begin PBXProject section */
		29CFF8311A5E44A50010237B /* Project object */ = {
			isa = PBXProject;
			attributes = {
				LastUpgradeCheck = 0600;
				ORGANIZATIONNAME = "Square College Code Camp";
				TargetAttributes = {
					29CFF8381A5E44A50010237B = {
						CreatedOnToolsVersion = 6.0;
					};
					29CFF84D1A5E44A60010237B = {
						CreatedOnToolsVersion = 6.0;
						TestTargetID = 29CFF8381A5E44A50010237B;
					};
				};
			};
			buildConfigurationList = 29CFF8341A5E44A50010237B /* Build configuration list for PBXProject "CodeCamp" */;
			compatibilityVersion = "Xcode 3.2";
			developmentRegion = English;
			hasScannedForEncodings = 0;
			knownRegions = (
				en,
				Base,
			);
			mainGroup = 29CFF8301A5E44A50010237B;
			productRefGroup = 29CFF83A1A5E44A50010237B /* Products */;
			projectDirPath = "";
			projectRoot = "";
			targets = (
				29CFF8381A5E44A50010237B /* CodeCamp */,
				29CFF84D1A5E44A60010237B /* CodeCampTests */,
			);
		};
/* End PBXProject section */

/* Begin PBXResourcesBuildPhase section */
		29CFF8371A5E44A50010237B /* Resources */ = {
			isa = PBXResourcesBuildPhase;
			buildActionMask = 2147483647;
			files = (
				29CFF8441A5E44A50010237B /* Main.storyboard in Resources */,
				29CFF8491A5E44A60010237B /* LaunchScreen.xib in Resources */,
				29CFF8461A5E44A60010237B /* Images.xcassets in Resources */,
			);
			runOnlyForDeploymentPostprocessing = 0;
		};
		29CFF84C1A5E44A60010237B /* Resources */ = {
			isa = PBXResourcesBuildPhase;
			buildActionMask = 2147483647;
			files = (
			);
			runOnlyForDeploymentPostprocessing = 0;
		};
/* End PBXResourcesBuildPhase section */

/* Begin PBXSourcesBuildPhase section */
		29CFF8351A5E44A50010237B /* Sources */ = {
			isa = PBXSourcesBuildPhase;
			buildActionMask = 2147483647;
			files = (
				29CFF8411A5E44A50010237B /* ViewController.swift in Sources */,
				29CFF83F1A5E44A50010237B /* AppDelegate.swift in Sources */,
			);
			runOnlyForDeploymentPostprocessing = 0;
		};
		29CFF84A1A5E44A60010237B /* Sources */ = {
			isa = PBXSourcesBuildPhase;
			buildActionMask = 2147483647;
			files = (
				29CFF8551A5E44A60010237B /* CodeCampTests.swift in Sources */,
			);
			runOnlyForDeploymentPostprocessing = 0;
		};
/* End PBXSourcesBuildPhase section */

/* Begin PBXTargetDependency section */
		29CFF8501A5E44A60010237B /* PBXTargetDependency */ = {
			isa = PBXTargetDependency;
			target = 29CFF8381A5E44A50010237B /* CodeCamp */;
			targetProxy = 29CFF84F1A5E44A60010237B /* PBXContainerItemProxy */;
		};
/* End PBXTargetDependency section */

/* Begin PBXVariantGroup section */
		29CFF8421A5E44A50010237B /* Main.storyboard */ = {
			isa = PBXVariantGroup;
			children = (
				29CFF8431A5E44A50010237B /* Base */,
			);
			name = Main.storyboard;
			sourceTree = "<group>";
		};
		29CFF8471A5E44A60010237B /* LaunchScreen.xib */ = {
			isa = PBXVariantGroup;
			children = (
				29CFF8481A5E44A60010237B /* Base */,
			);
			name = LaunchScreen.xib;
			sourceTree = "<group>";
		};
/* End PBXVariantGroup section */

/* Begin XCBuildConfiguration section */
		29CFF8561A5E44A60010237B /* Debug */ = {
			isa = XCBuildConfiguration;
			buildSettings = {
				ALWAYS_SEARCH_USER_PATHS = NO;
				CLANG_CXX_LANGUAGE_STANDARD = "gnu++0x";
				CLANG_CXX_LIBRARY = "libc++";
				CLANG_ENABLE_MODULES = YES;
				CLANG_ENABLE_OBJC_ARC = YES;
				CLANG_WARN_BOOL_CONVERSION = YES;
				CLANG_WARN_CONSTANT_CONVERSION = YES;
				CLANG_WARN_DIRECT_OBJC_ISA_USAGE = YES_ERROR;
				CLANG_WARN_EMPTY_BODY = YES;
				CLANG_WARN_ENUM_CONVERSION = YES;
				CLANG_WARN_INT_CONVERSION = YES;
				CLANG_WARN_OBJC_ROOT_CLASS = YES_ERROR;
				CLANG_WARN_UNREACHABLE_CODE = YES;
				CLANG_WARN__DUPLICATE_METHOD_MATCH = YES;
				"CODE_SIGN_IDENTITY[sdk=iphoneos*]" = "iPhone Developer";
				COPY_PHASE_STRIP = NO;
				ENABLE_STRICT_OBJC_MSGSEND = YES;
				GCC_C_LANGUAGE_STANDARD = gnu99;
				GCC_DYNAMIC_NO_PIC = NO;
				GCC_OPTIMIZATION_LEVEL = 0;
				GCC_PREPROCESSOR_DEFINITIONS = (
					"DEBUG=1",
					"$(inherited)",
				);
				GCC_SYMBOLS_PRIVATE_EXTERN = NO;
				GCC_WARN_64_TO_32_BIT_CONVERSION = YES;
				GCC_WARN_ABOUT_RETURN_TYPE = YES_ERROR;
				GCC_WARN_UNDECLARED_SELECTOR = YES;
				GCC_WARN_UNINITIALIZED_AUTOS = YES_AGGRESSIVE;
				GCC_WARN_UNUSED_FUNCTION = YES;
				GCC_WARN_UNUSED_VARIABLE = YES;
				IPHONEOS_DEPLOYMENT_TARGET = 8.0;
				MTL_ENABLE_DEBUG_INFO = YES;
				ONLY_ACTIVE_ARCH = YES;
				SDKROOT = iphoneos;
				SWIFT_OPTIMIZATION_LEVEL = "-Onone";
			};
			name = Debug;
		};
		29CFF8571A5E44A60010237B /* Release */ = {
			isa = XCBuildConfiguration;
			buildSettings = {
				ALWAYS_SEARCH_USER_PATHS = NO;
				CLANG_CXX_LANGUAGE_STANDARD = "gnu++0x";
				CLANG_CXX_LIBRARY = "libc++";
				CLANG_ENABLE_MODULES = YES;
				CLANG_ENABLE_OBJC_ARC = YES;
				CLANG_WARN_BOOL_CONVERSION = YES;
				CLANG_WARN_CONSTANT_CONVERSION = YES;
				CLANG_WARN_DIRECT_OBJC_ISA_USAGE = YES_ERROR;
				CLANG_WARN_EMPTY_BODY = YES;
				CLANG_WARN_ENUM_CONVERSION = YES;
				CLANG_WARN_INT_CONVERSION = YES;
				CLANG_WARN_OBJC_ROOT_CLASS = YES_ERROR;
				CLANG_WARN_UNREACHABLE_CODE = YES;
				CLANG_WARN__DUPLICATE_METHOD_MATCH = YES;
				"CODE_SIGN_IDENTITY[sdk=iphoneos*]" = "iPhone Developer";
				COPY_PHASE_STRIP = YES;
				ENABLE_NS_ASSERTIONS = NO;
				ENABLE_STRICT_OBJC_MSGSEND = YES;
				GCC_C_LANGUAGE_STANDARD = gnu99;
				GCC_WARN_64_TO_32_BIT_CONVERSION = YES;
				GCC_WARN_ABOUT_RETURN_TYPE = YES_ERROR;
				GCC_WARN_UNDECLARED_SELECTOR = YES;
				GCC_WARN_UNINITIALIZED_AUTOS = YES_AGGRESSIVE;
				GCC_WARN_UNUSED_FUNCTION = YES;
				GCC_WARN_UNUSED_VARIABLE = YES;
				IPHONEOS_DEPLOYMENT_TARGET = 8.0;
				MTL_ENABLE_DEBUG_INFO = NO;
				SDKROOT = iphoneos;
				VALIDATE_PRODUCT = YES;
			};
			name = Release;
		};
		29CFF8591A5E44A60010237B /* Debug */ = {
			isa = XCBuildConfiguration;
			buildSettings = {
				ASSETCATALOG_COMPILER_APPICON_NAME = AppIcon;
				INFOPLIST_FILE = CodeCamp/Info.plist;
				LD_RUNPATH_SEARCH_PATHS = "$(inherited) @executable_path/Frameworks";
				PRODUCT_NAME = "$(TARGET_NAME)";
			};
			name = Debug;
		};
		29CFF85A1A5E44A60010237B /* Release */ = {
			isa = XCBuildConfiguration;
			buildSettings = {
				ASSETCATALOG_COMPILER_APPICON_NAME = AppIcon;
				INFOPLIST_FILE = CodeCamp/Info.plist;
				LD_RUNPATH_SEARCH_PATHS = "$(inherited) @executable_path/Frameworks";
				PRODUCT_NAME = "$(TARGET_NAME)";
			};
			name = Release;
		};
		29CFF85C1A5E44A60010237B /* Debug */ = {
			isa = XCBuildConfiguration;
			buildSettings = {
				BUNDLE_LOADER = "$(TEST_HOST)";
				FRAMEWORK_SEARCH_PATHS = (
					"$(SDKROOT)/Developer/Library/Frameworks",
					"$(inherited)",
				);
				GCC_PREPROCESSOR_DEFINITIONS = (
					"DEBUG=1",
					"$(inherited)",
				);
				INFOPLIST_FILE = CodeCampTests/Info.plist;
				LD_RUNPATH_SEARCH_PATHS = "$(inherited) @executable_path/Frameworks @loader_path/Frameworks";
				PRODUCT_NAME = "$(TARGET_NAME)";
				TEST_HOST = "$(BUILT_PRODUCTS_DIR)/CodeCamp.app/CodeCamp";
			};
			name = Debug;
		};
		29CFF85D1A5E44A60010237B /* Release */ = {
			isa = XCBuildConfiguration;
			buildSettings = {
				BUNDLE_LOADER = "$(TEST_HOST)";
				FRAMEWORK_SEARCH_PATHS = (
					"$(SDKROOT)/Developer/Library/Frameworks",
					"$(inherited)",
				);
				INFOPLIST_FILE = CodeCampTests/Info.plist;
				LD_RUNPATH_SEARCH_PATHS = "$(inherited) @executable_path/Frameworks @loader_path/Frameworks";
				PRODUCT_NAME = "$(TARGET_NAME)";
				TEST_HOST = "$(BUILT_PRODUCTS_DIR)/CodeCamp.app/CodeCamp";
			};
			name = Release;
		};
/* End XCBuildConfiguration section */

/* Begin XCConfigurationList section */
		29CFF8341A5E44A50010237B /* Build configuration list for PBXProject "CodeCamp" */ = {
			isa = XCConfigurationList;
			buildConfigurations = (
				29CFF8561A5E44A60010237B /* Debug */,
				29CFF8571A5E44A60010237B /* Release */,
			);
			defaultConfigurationIsVisible = 0;
			defaultConfigurationName = Release;
		};
		29CFF8581A5E44A60010237B /* Build configuration list for PBXNativeTarget "CodeCamp" */ = {
			isa = XCConfigurationList;
			buildConfigurations = (
				29CFF8591A5E44A60010237B /* Debug */,
				29CFF85A1A5E44A60010237B /* Release */,
			);
			defaultConfigurationIsVisible = 0;
		};
		29CFF85B1A5E44A60010237B /* Build configuration list for PBXNativeTarget "CodeCampTests" */ = {
			isa = XCConfigurationList;
			buildConfigurations = (
				29CFF85C1A5E44A60010237B /* Debug */,
				29CFF85D1A5E44A60010237B /* Release */,
			);
			defaultConfigurationIsVisible = 0;
		};
/* End XCConfigurationList section */
	};
	rootObject = 29CFF8311A5E44A50010237B /* Project object */;
}
