// !$*UTF8*$!
{
	archiveVersion = 1;
	classes = {
	};
	objectVersion = 46;
	objects = {

/* Begin PBXBuildFile section */
		29A405DA1A7364D600A69B27 /* main.m in Sources */ = {isa = PBXBuildFile; fileRef = 29A405D91A7364D600A69B27 /* main.m */; };
		29A405DD1A7364D600A69B27 /* AppDelegate.m in Sources */ = {isa = PBXBuildFile; fileRef = 29A405DC1A7364D600A69B27 /* AppDelegate.m */; };
		29A405E01A7364D600A69B27 /* ViewController.m in Sources */ = {isa = PBXBuildFile; fileRef = 29A405DF1A7364D600A69B27 /* ViewController.m */; };
		29A405E31A7364D600A69B27 /* Main.storyboard in Resources */ = {isa = PBXBuildFile; fileRef = 29A405E11A7364D600A69B27 /* Main.storyboard */; };
		29A405E51A7364D600A69B27 /* Images.xcassets in Resources */ = {isa = PBXBuildFile; fileRef = 29A405E41A7364D600A69B27 /* Images.xcassets */; };
		29A405E81A7364D600A69B27 /* LaunchScreen.xib in Resources */ = {isa = PBXBuildFile; fileRef = 29A405E61A7364D600A69B27 /* LaunchScreen.xib */; };
		29A405F41A7364D600A69B27 /* SurrealistsTests.m in Sources */ = {isa = PBXBuildFile; fileRef = 29A405F31A7364D600A69B27 /* SurrealistsTests.m */; };
/* End PBXBuildFile section */

/* Begin PBXContainerItemProxy section */
		29A405EE1A7364D600A69B27 /* PBXContainerItemProxy */ = {
			isa = PBXContainerItemProxy;
			containerPortal = 29A405CC1A7364D600A69B27 /* Project object */;
			proxyType = 1;
			remoteGlobalIDString = 29A405D31A7364D600A69B27;
			remoteInfo = Surrealists;
		};
/* End PBXContainerItemProxy section */

/* Begin PBXFileReference section */
		29A405D41A7364D600A69B27 /* Surrealists.app */ = {isa = PBXFileReference; explicitFileType = wrapper.application; includeInIndex = 0; path = Surrealists.app; sourceTree = BUILT_PRODUCTS_DIR; };
		29A405D81A7364D600A69B27 /* Info.plist */ = {isa = PBXFileReference; lastKnownFileType = text.plist.xml; path = Info.plist; sourceTree = "<group>"; };
		29A405D91A7364D600A69B27 /* main.m */ = {isa = PBXFileReference; lastKnownFileType = sourcecode.c.objc; path = main.m; sourceTree = "<group>"; };
		29A405DB1A7364D600A69B27 /* AppDelegate.h */ = {isa = PBXFileReference; lastKnownFileType = sourcecode.c.h; path = AppDelegate.h; sourceTree = "<group>"; };
		29A405DC1A7364D600A69B27 /* AppDelegate.m */ = {isa = PBXFileReference; lastKnownFileType = sourcecode.c.objc; path = AppDelegate.m; sourceTree = "<group>"; };
		29A405DE1A7364D600A69B27 /* ViewController.h */ = {isa = PBXFileReference; lastKnownFileType = sourcecode.c.h; path = ViewController.h; sourceTree = "<group>"; };
		29A405DF1A7364D600A69B27 /* ViewController.m */ = {isa = PBXFileReference; lastKnownFileType = sourcecode.c.objc; path = ViewController.m; sourceTree = "<group>"; };
		29A405E21A7364D600A69B27 /* Base */ = {isa = PBXFileReference; lastKnownFileType = file.storyboard; name = Base; path = Base.lproj/Main.storyboard; sourceTree = "<group>"; };
		29A405E41A7364D600A69B27 /* Images.xcassets */ = {isa = PBXFileReference; lastKnownFileType = folder.assetcatalog; path = Images.xcassets; sourceTree = "<group>"; };
		29A405E71A7364D600A69B27 /* Base */ = {isa = PBXFileReference; lastKnownFileType = file.xib; name = Base; path = Base.lproj/LaunchScreen.xib; sourceTree = "<group>"; };
		29A405ED1A7364D600A69B27 /* SurrealistsTests.xctest */ = {isa = PBXFileReference; explicitFileType = wrapper.cfbundle; includeInIndex = 0; path = SurrealistsTests.xctest; sourceTree = BUILT_PRODUCTS_DIR; };
		29A405F21A7364D600A69B27 /* Info.plist */ = {isa = PBXFileReference; lastKnownFileType = text.plist.xml; path = Info.plist; sourceTree = "<group>"; };
		29A405F31A7364D600A69B27 /* SurrealistsTests.m */ = {isa = PBXFileReference; lastKnownFileType = sourcecode.c.objc; path = SurrealistsTests.m; sourceTree = "<group>"; };
/* End PBXFileReference section */

/* Begin PBXFrameworksBuildPhase section */
		29A405D11A7364D600A69B27 /* Frameworks */ = {
			isa = PBXFrameworksBuildPhase;
			buildActionMask = 2147483647;
			files = (
			);
			runOnlyForDeploymentPostprocessing = 0;
		};
		29A405EA1A7364D600A69B27 /* Frameworks */ = {
			isa = PBXFrameworksBuildPhase;
			buildActionMask = 2147483647;
			files = (
			);
			runOnlyForDeploymentPostprocessing = 0;
		};
/* End PBXFrameworksBuildPhase section */

/* Begin PBXGroup section */
		29A405CB1A7364D600A69B27 = {
			isa = PBXGroup;
			children = (
				29A405D61A7364D600A69B27 /* Surrealists */,
				29A405F01A7364D600A69B27 /* SurrealistsTests */,
				29A405D51A7364D600A69B27 /* Products */,
			);
			sourceTree = "<group>";
		};
		29A405D51A7364D600A69B27 /* Products */ = {
			isa = PBXGroup;
			children = (
				29A405D41A7364D600A69B27 /* Surrealists.app */,
				29A405ED1A7364D600A69B27 /* SurrealistsTests.xctest */,
			);
			name = Products;
			sourceTree = "<group>";
		};
		29A405D61A7364D600A69B27 /* Surrealists */ = {
			isa = PBXGroup;
			children = (
				29A405DB1A7364D600A69B27 /* AppDelegate.h */,
				29A405DC1A7364D600A69B27 /* AppDelegate.m */,
				29A405DE1A7364D600A69B27 /* ViewController.h */,
				29A405DF1A7364D600A69B27 /* ViewController.m */,
				29A405E11A7364D600A69B27 /* Main.storyboard */,
				29A405E41A7364D600A69B27 /* Images.xcassets */,
				29A405E61A7364D600A69B27 /* LaunchScreen.xib */,
				29A405D71A7364D600A69B27 /* Supporting Files */,
			);
			path = Surrealists;
			sourceTree = "<group>";
		};
		29A405D71A7364D600A69B27 /* Supporting Files */ = {
			isa = PBXGroup;
			children = (
				29A405D81A7364D600A69B27 /* Info.plist */,
				29A405D91A7364D600A69B27 /* main.m */,
			);
			name = "Supporting Files";
			sourceTree = "<group>";
		};
		29A405F01A7364D600A69B27 /* SurrealistsTests */ = {
			isa = PBXGroup;
			children = (
				29A405F31A7364D600A69B27 /* SurrealistsTests.m */,
				29A405F11A7364D600A69B27 /* Supporting Files */,
			);
			path = SurrealistsTests;
			sourceTree = "<group>";
		};
		29A405F11A7364D600A69B27 /* Supporting Files */ = {
			isa = PBXGroup;
			children = (
				29A405F21A7364D600A69B27 /* Info.plist */,
			);
			name = "Supporting Files";
			sourceTree = "<group>";
		};
/* End PBXGroup section */

/* Begin PBXNativeTarget section */
		29A405D31A7364D600A69B27 /* Surrealists */ = {
			isa = PBXNativeTarget;
			buildConfigurationList = 29A405F71A7364D600A69B27 /* Build configuration list for PBXNativeTarget "Surrealists" */;
			buildPhases = (
				29A405D01A7364D600A69B27 /* Sources */,
				29A405D11A7364D600A69B27 /* Frameworks */,
				29A405D21A7364D600A69B27 /* Resources */,
			);
			buildRules = (
			);
			dependencies = (
			);
			name = Surrealists;
			productName = Surrealists;
			productReference = 29A405D41A7364D600A69B27 /* Surrealists.app */;
			productType = "com.apple.product-type.application";
		};
		29A405EC1A7364D600A69B27 /* SurrealistsTests */ = {
			isa = PBXNativeTarget;
			buildConfigurationList = 29A405FA1A7364D600A69B27 /* Build configuration list for PBXNativeTarget "SurrealistsTests" */;
			buildPhases = (
				29A405E91A7364D600A69B27 /* Sources */,
				29A405EA1A7364D600A69B27 /* Frameworks */,
				29A405EB1A7364D600A69B27 /* Resources */,
			);
			buildRules = (
			);
			dependencies = (
				29A405EF1A7364D600A69B27 /* PBXTargetDependency */,
			);
			name = SurrealistsTests;
			productName = SurrealistsTests;
			productReference = 29A405ED1A7364D600A69B27 /* SurrealistsTests.xctest */;
			productType = "com.apple.product-type.bundle.unit-test";
		};
/* End PBXNativeTarget section */

/* Begin PBXProject section */
		29A405CC1A7364D600A69B27 /* Project object */ = {
			isa = PBXProject;
			attributes = {
				LastUpgradeCheck = 0600;
				ORGANIZATIONNAME = apress;
				TargetAttributes = {
					29A405D31A7364D600A69B27 = {
						CreatedOnToolsVersion = 6.0;
					};
					29A405EC1A7364D600A69B27 = {
						CreatedOnToolsVersion = 6.0;
						TestTargetID = 29A405D31A7364D600A69B27;
					};
				};
			};
			buildConfigurationList = 29A405CF1A7364D600A69B27 /* Build configuration list for PBXProject "Surrealists" */;
			compatibilityVersion = "Xcode 3.2";
			developmentRegion = English;
			hasScannedForEncodings = 0;
			knownRegions = (
				en,
				Base,
			);
			mainGroup = 29A405CB1A7364D600A69B27;
			productRefGroup = 29A405D51A7364D600A69B27 /* Products */;
			projectDirPath = "";
			projectRoot = "";
			targets = (
				29A405D31A7364D600A69B27 /* Surrealists */,
				29A405EC1A7364D600A69B27 /* SurrealistsTests */,
			);
		};
/* End PBXProject section */

/* Begin PBXResourcesBuildPhase section */
		29A405D21A7364D600A69B27 /* Resources */ = {
			isa = PBXResourcesBuildPhase;
			buildActionMask = 2147483647;
			files = (
				29A405E31A7364D600A69B27 /* Main.storyboard in Resources */,
				29A405E81A7364D600A69B27 /* LaunchScreen.xib in Resources */,
				29A405E51A7364D600A69B27 /* Images.xcassets in Resources */,
			);
			runOnlyForDeploymentPostprocessing = 0;
		};
		29A405EB1A7364D600A69B27 /* Resources */ = {
			isa = PBXResourcesBuildPhase;
			buildActionMask = 2147483647;
			files = (
			);
			runOnlyForDeploymentPostprocessing = 0;
		};
/* End PBXResourcesBuildPhase section */

/* Begin PBXSourcesBuildPhase section */
		29A405D01A7364D600A69B27 /* Sources */ = {
			isa = PBXSourcesBuildPhase;
			buildActionMask = 2147483647;
			files = (
				29A405E01A7364D600A69B27 /* ViewController.m in Sources */,
				29A405DD1A7364D600A69B27 /* AppDelegate.m in Sources */,
				29A405DA1A7364D600A69B27 /* main.m in Sources */,
			);
			runOnlyForDeploymentPostprocessing = 0;
		};
		29A405E91A7364D600A69B27 /* Sources */ = {
			isa = PBXSourcesBuildPhase;
			buildActionMask = 2147483647;
			files = (
				29A405F41A7364D600A69B27 /* SurrealistsTests.m in Sources */,
			);
			runOnlyForDeploymentPostprocessing = 0;
		};
/* End PBXSourcesBuildPhase section */

/* Begin PBXTargetDependency section */
		29A405EF1A7364D600A69B27 /* PBXTargetDependency */ = {
			isa = PBXTargetDependency;
			target = 29A405D31A7364D600A69B27 /* Surrealists */;
			targetProxy = 29A405EE1A7364D600A69B27 /* PBXContainerItemProxy */;
		};
/* End PBXTargetDependency section */

/* Begin PBXVariantGroup section */
		29A405E11A7364D600A69B27 /* Main.storyboard */ = {
			isa = PBXVariantGroup;
			children = (
				29A405E21A7364D600A69B27 /* Base */,
			);
			name = Main.storyboard;
			sourceTree = "<group>";
		};
		29A405E61A7364D600A69B27 /* LaunchScreen.xib */ = {
			isa = PBXVariantGroup;
			children = (
				29A405E71A7364D600A69B27 /* Base */,
			);
			name = LaunchScreen.xib;
			sourceTree = "<group>";
		};
/* End PBXVariantGroup section */

/* Begin XCBuildConfiguration section */
		29A405F51A7364D600A69B27 /* Debug */ = {
			isa = XCBuildConfiguration;
			buildSettings = {
				ALWAYS_SEARCH_USER_PATHS = NO;
				CLANG_CXX_LANGUAGE_STANDARD = "gnu++0x";
				CLANG_CXX_LIBRARY = "libc++";
				CLANG_ENABLE_MODULES = YES;
				CLANG_ENABLE_OBJC_ARC = YES;
				CLANG_WARN_BOOL_CONVERSION = YES;
				CLANG_WARN_CONSTANT_CONVERSION = YES;
				CLANG_WARN_DIRECT_OBJC_ISA_USAGE = YES_ERROR;
				CLANG_WARN_EMPTY_BODY = YES;
				CLANG_WARN_ENUM_CONVERSION = YES;
				CLANG_WARN_INT_CONVERSION = YES;
				CLANG_WARN_OBJC_ROOT_CLASS = YES_ERROR;
				CLANG_WARN_UNREACHABLE_CODE = YES;
				CLANG_WARN__DUPLICATE_METHOD_MATCH = YES;
				"CODE_SIGN_IDENTITY[sdk=iphoneos*]" = "iPhone Developer";
				COPY_PHASE_STRIP = NO;
				ENABLE_STRICT_OBJC_MSGSEND = YES;
				GCC_C_LANGUAGE_STANDARD = gnu99;
				GCC_DYNAMIC_NO_PIC = NO;
				GCC_OPTIMIZATION_LEVEL = 0;
				GCC_PREPROCESSOR_DEFINITIONS = (
					"DEBUG=1",
					"$(inherited)",
				);
				GCC_SYMBOLS_PRIVATE_EXTERN = NO;
				GCC_WARN_64_TO_32_BIT_CONVERSION = YES;
				GCC_WARN_ABOUT_RETURN_TYPE = YES_ERROR;
				GCC_WARN_UNDECLARED_SELECTOR = YES;
				GCC_WARN_UNINITIALIZED_AUTOS = YES_AGGRESSIVE;
				GCC_WARN_UNUSED_FUNCTION = YES;
				GCC_WARN_UNUSED_VARIABLE = YES;
				IPHONEOS_DEPLOYMENT_TARGET = 8.0;
				MTL_ENABLE_DEBUG_INFO = YES;
				ONLY_ACTIVE_ARCH = YES;
				SDKROOT = iphoneos;
			};
			name = Debug;
		};
		29A405F61A7364D600A69B27 /* Release */ = {
			isa = XCBuildConfiguration;
			buildSettings = {
				ALWAYS_SEARCH_USER_PATHS = NO;
				CLANG_CXX_LANGUAGE_STANDARD = "gnu++0x";
				CLANG_CXX_LIBRARY = "libc++";
				CLANG_ENABLE_MODULES = YES;
				CLANG_ENABLE_OBJC_ARC = YES;
				CLANG_WARN_BOOL_CONVERSION = YES;
				CLANG_WARN_CONSTANT_CONVERSION = YES;
				CLANG_WARN_DIRECT_OBJC_ISA_USAGE = YES_ERROR;
				CLANG_WARN_EMPTY_BODY = YES;
				CLANG_WARN_ENUM_CONVERSION = YES;
				CLANG_WARN_INT_CONVERSION = YES;
				CLANG_WARN_OBJC_ROOT_CLASS = YES_ERROR;
				CLANG_WARN_UNREACHABLE_CODE = YES;
				CLANG_WARN__DUPLICATE_METHOD_MATCH = YES;
				"CODE_SIGN_IDENTITY[sdk=iphoneos*]" = "iPhone Developer";
				COPY_PHASE_STRIP = YES;
				ENABLE_NS_ASSERTIONS = NO;
				ENABLE_STRICT_OBJC_MSGSEND = YES;
				GCC_C_LANGUAGE_STANDARD = gnu99;
				GCC_WARN_64_TO_32_BIT_CONVERSION = YES;
				GCC_WARN_ABOUT_RETURN_TYPE = YES_ERROR;
				GCC_WARN_UNDECLARED_SELECTOR = YES;
				GCC_WARN_UNINITIALIZED_AUTOS = YES_AGGRESSIVE;
				GCC_WARN_UNUSED_FUNCTION = YES;
				GCC_WARN_UNUSED_VARIABLE = YES;
				IPHONEOS_DEPLOYMENT_TARGET = 8.0;
				MTL_ENABLE_DEBUG_INFO = NO;
				SDKROOT = iphoneos;
				VALIDATE_PRODUCT = YES;
			};
			name = Release;
		};
		29A405F81A7364D600A69B27 /* Debug */ = {
			isa = XCBuildConfiguration;
			buildSettings = {
				ASSETCATALOG_COMPILER_APPICON_NAME = AppIcon;
				INFOPLIST_FILE = Surrealists/Info.plist;
				LD_RUNPATH_SEARCH_PATHS = "$(inherited) @executable_path/Frameworks";
				PRODUCT_NAME = "$(TARGET_NAME)";
			};
			name = Debug;
		};
		29A405F91A7364D600A69B27 /* Release */ = {
			isa = XCBuildConfiguration;
			buildSettings = {
				ASSETCATALOG_COMPILER_APPICON_NAME = AppIcon;
				INFOPLIST_FILE = Surrealists/Info.plist;
				LD_RUNPATH_SEARCH_PATHS = "$(inherited) @executable_path/Frameworks";
				PRODUCT_NAME = "$(TARGET_NAME)";
			};
			name = Release;
		};
		29A405FB1A7364D600A69B27 /* Debug */ = {
			isa = XCBuildConfiguration;
			buildSettings = {
				BUNDLE_LOADER = "$(TEST_HOST)";
				FRAMEWORK_SEARCH_PATHS = (
					"$(SDKROOT)/Developer/Library/Frameworks",
					"$(inherited)",
				);
				GCC_PREPROCESSOR_DEFINITIONS = (
					"DEBUG=1",
					"$(inherited)",
				);
				INFOPLIST_FILE = SurrealistsTests/Info.plist;
				LD_RUNPATH_SEARCH_PATHS = "$(inherited) @executable_path/Frameworks @loader_path/Frameworks";
				PRODUCT_NAME = "$(TARGET_NAME)";
				TEST_HOST = "$(BUILT_PRODUCTS_DIR)/Surrealists.app/Surrealists";
			};
			name = Debug;
		};
		29A405FC1A7364D600A69B27 /* Release */ = {
			isa = XCBuildConfiguration;
			buildSettings = {
				BUNDLE_LOADER = "$(TEST_HOST)";
				FRAMEWORK_SEARCH_PATHS = (
					"$(SDKROOT)/Developer/Library/Frameworks",
					"$(inherited)",
				);
				INFOPLIST_FILE = SurrealistsTests/Info.plist;
				LD_RUNPATH_SEARCH_PATHS = "$(inherited) @executable_path/Frameworks @loader_path/Frameworks";
				PRODUCT_NAME = "$(TARGET_NAME)";
				TEST_HOST = "$(BUILT_PRODUCTS_DIR)/Surrealists.app/Surrealists";
			};
			name = Release;
		};
/* End XCBuildConfiguration section */

/* Begin XCConfigurationList section */
		29A405CF1A7364D600A69B27 /* Build configuration list for PBXProject "Surrealists" */ = {
			isa = XCConfigurationList;
			buildConfigurations = (
				29A405F51A7364D600A69B27 /* Debug */,
				29A405F61A7364D600A69B27 /* Release */,
			);
			defaultConfigurationIsVisible = 0;
			defaultConfigurationName = Release;
		};
		29A405F71A7364D600A69B27 /* Build configuration list for PBXNativeTarget "Surrealists" */ = {
			isa = XCConfigurationList;
			buildConfigurations = (
				29A405F81A7364D600A69B27 /* Debug */,
				29A405F91A7364D600A69B27 /* Release */,
			);
			defaultConfigurationIsVisible = 0;
		};
		29A405FA1A7364D600A69B27 /* Build configuration list for PBXNativeTarget "SurrealistsTests" */ = {
			isa = XCConfigurationList;
			buildConfigurations = (
				29A405FB1A7364D600A69B27 /* Debug */,
				29A405FC1A7364D600A69B27 /* Release */,
			);
			defaultConfigurationIsVisible = 0;
		};
/* End XCConfigurationList section */
	};
	rootObject = 29A405CC1A7364D600A69B27 /* Project object */;
}
